
Microsoft Visual Studio Solution File, Format Version 12.00
# Visual Studio Version 16
VisualStudioVersion = 16.0.29403.142
MinimumVisualStudioVersion = 10.0.40219.1
Project("{FAE04EC0-301F-11D3-BF4B-00C04F79EFBC}") = "WindowsFormsApp3", "WindowsFormsApp3.csproj", "{2C0B65F7-0E09-4EEB-A0D9-4216E9895A11}"
EndProject
Global
	GlobalSection(SolutionConfigurationPlatforms) = preSolution
		Debug|Any CPU = Debug|Any CPU
		Release|Any CPU = Release|Any CPU
	EndGlobalSection
	GlobalSection(ProjectConfigurationPlatforms) = postSolution
		{2C0B65F7-0E09-4EEB-A0D9-4216E9895A11}.Debug|Any CPU.ActiveCfg = Debug|Any CPU
		{2C0B65F7-0E09-4EEB-A0D9-4216E9895A11}.Debug|Any CPU.Build.0 = Debug|Any CPU
		{2C0B65F7-0E09-4EEB-A0D9-4216E9895A11}.Release|Any CPU.ActiveCfg = Release|Any CPU
		{2C0B65F7-0E09-4EEB-A0D9-4216E9895A11}.Release|Any CPU.Build.0 = Release|Any CPU
	EndGlobalSection
	GlobalSection(SolutionProperties) = preSolution
		HideSolutionNode = FALSE
	EndGlobalSection
	GlobalSection(ExtensibilityGlobals) = postSolution
		SolutionGuid = {4463C38C-6800-4859-B95D-768B3F074BE8}
	EndGlobalSection
EndGlobal
